
Microsoft Visual Studio Solution File, Format Version 12.00
# Visual Studio Version 17
VisualStudioVersion = 17.8.34511.84
MinimumVisualStudioVersion = 10.0.40219.1
Project("{FAE04EC0-301F-11D3-BF4B-00C04F79EFBC}") = "Fibonacci", "Fibonacci\Fibonacci.csproj", "{E5019C35-29C4-46B5-8FBB-7BA95AA63CF1}"
EndProject
Global
	GlobalSection(SolutionConfigurationPlatforms) = preSolution
		Debug|Any CPU = Debug|Any CPU
		Release|Any CPU = Release|Any CPU
	EndGlobalSection
	GlobalSection(ProjectConfigurationPlatforms) = postSolution
		{E5019C35-29C4-46B5-8FBB-7BA95AA63CF1}.Debug|Any CPU.ActiveCfg = Debug|Any CPU
		{E5019C35-29C4-46B5-8FBB-7BA95AA63CF1}.Debug|Any CPU.Build.0 = Debug|Any CPU
		{E5019C35-29C4-46B5-8FBB-7BA95AA63CF1}.Release|Any CPU.ActiveCfg = Release|Any CPU
		{E5019C35-29C4-46B5-8FBB-7BA95AA63CF1}.Release|Any CPU.Build.0 = Release|Any CPU
	EndGlobalSection
	GlobalSection(SolutionProperties) = preSolution
		HideSolutionNode = FALSE
	EndGlobalSection
	GlobalSection(ExtensibilityGlobals) = postSolution
		SolutionGuid = {EB2B8D20-0972-41BE-A9D7-67A5D9CD25FC}
	EndGlobalSection
EndGlobal
